
Microsoft Visual Studio Solution File, Format Version 12.00
# Visual Studio Version 17
VisualStudioVersion = 17.10.35027.167
MinimumVisualStudioVersion = 10.0.40219.1
Project("{9A19103F-16F7-4668-BE54-9A1E7A4F7556}") = "Assignment1Project1", "Assignment1Project1.csproj", "{0A868F7A-1B85-495B-BAB1-26BC2D884C1B}"
EndProject
Global
	GlobalSection(SolutionConfigurationPlatforms) = preSolution
		Debug|Any CPU = Debug|Any CPU
		Release|Any CPU = Release|Any CPU
	EndGlobalSection
	GlobalSection(ProjectConfigurationPlatforms) = postSolution
		{0A868F7A-1B85-495B-BAB1-26BC2D884C1B}.Debug|Any CPU.ActiveCfg = Debug|Any CPU
		{0A868F7A-1B85-495B-BAB1-26BC2D884C1B}.Debug|Any CPU.Build.0 = Debug|Any CPU
		{0A868F7A-1B85-495B-BAB1-26BC2D884C1B}.Release|Any CPU.ActiveCfg = Release|Any CPU
		{0A868F7A-1B85-495B-BAB1-26BC2D884C1B}.Release|Any CPU.Build.0 = Release|Any CPU
	EndGlobalSection
	GlobalSection(SolutionProperties) = preSolution
		HideSolutionNode = FALSE
	EndGlobalSection
	GlobalSection(ExtensibilityGlobals) = postSolution
		SolutionGuid = {D49FA49B-CB4A-4AD8-86A2-EC4B6550CD18}
	EndGlobalSection
EndGlobal
